
Microsoft Visual Studio Solution File, Format Version 12.00
# Visual Studio Version 17
VisualStudioVersion = 17.5.002.0
MinimumVisualStudioVersion = 10.0.40219.1
Project("{2150E333-8FDC-42A3-9474-1A3956D46DE8}") = "ApiGateways", "ApiGateways", "{A1BBB5DE-EDF5-4B30-AA55-6469CBF06069}"
EndProject
Project("{9A19103F-16F7-4668-BE54-9A1E7A4F7556}") = "OcelotApiGw", "ApiGateways\OcelotApiGw\OcelotApiGw.csproj", "{7FDEC906-F48D-4669-A99B-CB3173ADC29B}"
EndProject
Project("{2150E333-8FDC-42A3-9474-1A3956D46DE8}") = "BuildingBlocks", "BuildingBlocks", "{FF4FF02F-84D9-4A79-9A2D-02DD2F2E3DB6}"
EndProject
Project("{9A19103F-16F7-4668-BE54-9A1E7A4F7556}") = "Common.Logging", "BuildingBlocks\Common.Logging\Common.Logging.csproj", "{C061644B-E0AB-440B-9BF5-C8202039F84D}"
EndProject
Project("{9A19103F-16F7-4668-BE54-9A1E7A4F7556}") = "Contracts", "BuildingBlocks\Contracts\Contracts.csproj", "{2CCD0876-EAAC-4EB7-A453-737E98E01525}"
EndProject
Project("{9A19103F-16F7-4668-BE54-9A1E7A4F7556}") = "EventBus.Messages", "BuildingBlocks\EventBus.Messages\EventBus.Messages.csproj", "{58E3F676-6B00-4CF5-9640-54D7EEA1125E}"
EndProject
Project("{9A19103F-16F7-4668-BE54-9A1E7A4F7556}") = "Infrastructure", "BuildingBlocks\Infrastructure\Infrastructure.csproj", "{F8384977-57F7-4E92-BC2A-B8AF821DEA82}"
EndProject
Project("{9A19103F-16F7-4668-BE54-9A1E7A4F7556}") = "Shared", "BuildingBlocks\Shared\Shared.csproj", "{C86175DC-0639-49B9-968F-51577526138F}"
EndProject
Project("{2150E333-8FDC-42A3-9474-1A3956D46DE8}") = "Services", "Services", "{13BDE80B-2017-419C-BCF0-1EDB924F05CE}"
EndProject
Project("{9A19103F-16F7-4668-BE54-9A1E7A4F7556}") = "Basket.API", "Services\Basket.API\Basket.API.csproj", "{C7387C80-810B-4ED6-9588-7343F339FF81}"
EndProject
Project("{9A19103F-16F7-4668-BE54-9A1E7A4F7556}") = "Customer.API", "Services\Customer.API\Customer.API.csproj", "{89C8B51A-441C-497C-874D-8D298066370D}"
EndProject
Project("{9A19103F-16F7-4668-BE54-9A1E7A4F7556}") = "Hangfire.API", "Services\Hangfire.API\Hangfire.API.csproj", "{09BAB7C8-4DE1-4907-87C4-C91BAED261F4}"
EndProject
Project("{9A19103F-16F7-4668-BE54-9A1E7A4F7556}") = "Inventory.Product.API", "Services\Inventory.Product.API\Inventory.Product.API.csproj", "{9F2B97A6-5FDB-4278-95BE-66081DA25C14}"
EndProject
Project("{9A19103F-16F7-4668-BE54-9A1E7A4F7556}") = "Ordering.API", "Services\Ordering.API\Ordering.API.csproj", "{1C111B63-C2A4-48F7-A945-F24C7FD78C77}"
EndProject
Project("{9A19103F-16F7-4668-BE54-9A1E7A4F7556}") = "Product.API", "Services\Product.API\Product.API.csproj", "{991C817D-C0D6-47B7-B920-87922311BED0}"
EndProject
Project("{2150E333-8FDC-42A3-9474-1A3956D46DE8}") = "WebApps", "WebApps", "{17977FC8-0F90-44BF-A0DD-63EA4DE6BDFD}"
EndProject
Project("{9A19103F-16F7-4668-BE54-9A1E7A4F7556}") = "WebHealthStatus", "WebApps\WebHealthStatus\WebHealthStatus.csproj", "{CCF751C9-064B-4B49-BAE4-9F5539EFAA25}"
EndProject
Global
	GlobalSection(SolutionConfigurationPlatforms) = preSolution
		Debug|Any CPU = Debug|Any CPU
		Release|Any CPU = Release|Any CPU
	EndGlobalSection
	GlobalSection(ProjectConfigurationPlatforms) = postSolution
		{7FDEC906-F48D-4669-A99B-CB3173ADC29B}.Debug|Any CPU.ActiveCfg = Debug|Any CPU
		{7FDEC906-F48D-4669-A99B-CB3173ADC29B}.Debug|Any CPU.Build.0 = Debug|Any CPU
		{7FDEC906-F48D-4669-A99B-CB3173ADC29B}.Release|Any CPU.ActiveCfg = Release|Any CPU
		{7FDEC906-F48D-4669-A99B-CB3173ADC29B}.Release|Any CPU.Build.0 = Release|Any CPU
		{C061644B-E0AB-440B-9BF5-C8202039F84D}.Debug|Any CPU.ActiveCfg = Debug|Any CPU
		{C061644B-E0AB-440B-9BF5-C8202039F84D}.Debug|Any CPU.Build.0 = Debug|Any CPU
		{C061644B-E0AB-440B-9BF5-C8202039F84D}.Release|Any CPU.ActiveCfg = Release|Any CPU
		{C061644B-E0AB-440B-9BF5-C8202039F84D}.Release|Any CPU.Build.0 = Release|Any CPU
		{2CCD0876-EAAC-4EB7-A453-737E98E01525}.Debug|Any CPU.ActiveCfg = Debug|Any CPU
		{2CCD0876-EAAC-4EB7-A453-737E98E01525}.Debug|Any CPU.Build.0 = Debug|Any CPU
		{2CCD0876-EAAC-4EB7-A453-737E98E01525}.Release|Any CPU.ActiveCfg = Release|Any CPU
		{2CCD0876-EAAC-4EB7-A453-737E98E01525}.Release|Any CPU.Build.0 = Release|Any CPU
		{58E3F676-6B00-4CF5-9640-54D7EEA1125E}.Debug|Any CPU.ActiveCfg = Debug|Any CPU
		{58E3F676-6B00-4CF5-9640-54D7EEA1125E}.Debug|Any CPU.Build.0 = Debug|Any CPU
		{58E3F676-6B00-4CF5-9640-54D7EEA1125E}.Release|Any CPU.ActiveCfg = Release|Any CPU
		{58E3F676-6B00-4CF5-9640-54D7EEA1125E}.Release|Any CPU.Build.0 = Release|Any CPU
		{F8384977-57F7-4E92-BC2A-B8AF821DEA82}.Debug|Any CPU.ActiveCfg = Debug|Any CPU
		{F8384977-57F7-4E92-BC2A-B8AF821DEA82}.Debug|Any CPU.Build.0 = Debug|Any CPU
		{F8384977-57F7-4E92-BC2A-B8AF821DEA82}.Release|Any CPU.ActiveCfg = Release|Any CPU
		{F8384977-57F7-4E92-BC2A-B8AF821DEA82}.Release|Any CPU.Build.0 = Release|Any CPU
		{C86175DC-0639-49B9-968F-51577526138F}.Debug|Any CPU.ActiveCfg = Debug|Any CPU
		{C86175DC-0639-49B9-968F-51577526138F}.Debug|Any CPU.Build.0 = Debug|Any CPU
		{C86175DC-0639-49B9-968F-51577526138F}.Release|Any CPU.ActiveCfg = Release|Any CPU
		{C86175DC-0639-49B9-968F-51577526138F}.Release|Any CPU.Build.0 = Release|Any CPU
		{C7387C80-810B-4ED6-9588-7343F339FF81}.Debug|Any CPU.ActiveCfg = Debug|Any CPU
		{C7387C80-810B-4ED6-9588-7343F339FF81}.Debug|Any CPU.Build.0 = Debug|Any CPU
		{C7387C80-810B-4ED6-9588-7343F339FF81}.Release|Any CPU.ActiveCfg = Release|Any CPU
		{C7387C80-810B-4ED6-9588-7343F339FF81}.Release|Any CPU.Build.0 = Release|Any CPU
		{89C8B51A-441C-497C-874D-8D298066370D}.Debug|Any CPU.ActiveCfg = Debug|Any CPU
		{89C8B51A-441C-497C-874D-8D298066370D}.Debug|Any CPU.Build.0 = Debug|Any CPU
		{89C8B51A-441C-497C-874D-8D298066370D}.Release|Any CPU.ActiveCfg = Release|Any CPU
		{89C8B51A-441C-497C-874D-8D298066370D}.Release|Any CPU.Build.0 = Release|Any CPU
		{09BAB7C8-4DE1-4907-87C4-C91BAED261F4}.Debug|Any CPU.ActiveCfg = Debug|Any CPU
		{09BAB7C8-4DE1-4907-87C4-C91BAED261F4}.Debug|Any CPU.Build.0 = Debug|Any CPU
		{09BAB7C8-4DE1-4907-87C4-C91BAED261F4}.Release|Any CPU.ActiveCfg = Release|Any CPU
		{09BAB7C8-4DE1-4907-87C4-C91BAED261F4}.Release|Any CPU.Build.0 = Release|Any CPU
		{9F2B97A6-5FDB-4278-95BE-66081DA25C14}.Debug|Any CPU.ActiveCfg = Debug|Any CPU
		{9F2B97A6-5FDB-4278-95BE-66081DA25C14}.Debug|Any CPU.Build.0 = Debug|Any CPU
		{9F2B97A6-5FDB-4278-95BE-66081DA25C14}.Release|Any CPU.ActiveCfg = Release|Any CPU
		{9F2B97A6-5FDB-4278-95BE-66081DA25C14}.Release|Any CPU.Build.0 = Release|Any CPU
		{1C111B63-C2A4-48F7-A945-F24C7FD78C77}.Debug|Any CPU.ActiveCfg = Debug|Any CPU
		{1C111B63-C2A4-48F7-A945-F24C7FD78C77}.Debug|Any CPU.Build.0 = Debug|Any CPU
		{1C111B63-C2A4-48F7-A945-F24C7FD78C77}.Release|Any CPU.ActiveCfg = Release|Any CPU
		{1C111B63-C2A4-48F7-A945-F24C7FD78C77}.Release|Any CPU.Build.0 = Release|Any CPU
		{991C817D-C0D6-47B7-B920-87922311BED0}.Debug|Any CPU.ActiveCfg = Debug|Any CPU
		{991C817D-C0D6-47B7-B920-87922311BED0}.Debug|Any CPU.Build.0 = Debug|Any CPU
		{991C817D-C0D6-47B7-B920-87922311BED0}.Release|Any CPU.ActiveCfg = Release|Any CPU
		{991C817D-C0D6-47B7-B920-87922311BED0}.Release|Any CPU.Build.0 = Release|Any CPU
		{CCF751C9-064B-4B49-BAE4-9F5539EFAA25}.Debug|Any CPU.ActiveCfg = Debug|Any CPU
		{CCF751C9-064B-4B49-BAE4-9F5539EFAA25}.Debug|Any CPU.Build.0 = Debug|Any CPU
		{CCF751C9-064B-4B49-BAE4-9F5539EFAA25}.Release|Any CPU.ActiveCfg = Release|Any CPU
		{CCF751C9-064B-4B49-BAE4-9F5539EFAA25}.Release|Any CPU.Build.0 = Release|Any CPU
	EndGlobalSection
	GlobalSection(SolutionProperties) = preSolution
		HideSolutionNode = FALSE
	EndGlobalSection
	GlobalSection(NestedProjects) = preSolution
		{7FDEC906-F48D-4669-A99B-CB3173ADC29B} = {A1BBB5DE-EDF5-4B30-AA55-6469CBF06069}
		{C061644B-E0AB-440B-9BF5-C8202039F84D} = {FF4FF02F-84D9-4A79-9A2D-02DD2F2E3DB6}
		{2CCD0876-EAAC-4EB7-A453-737E98E01525} = {FF4FF02F-84D9-4A79-9A2D-02DD2F2E3DB6}
		{58E3F676-6B00-4CF5-9640-54D7EEA1125E} = {FF4FF02F-84D9-4A79-9A2D-02DD2F2E3DB6}
		{F8384977-57F7-4E92-BC2A-B8AF821DEA82} = {FF4FF02F-84D9-4A79-9A2D-02DD2F2E3DB6}
		{C86175DC-0639-49B9-968F-51577526138F} = {FF4FF02F-84D9-4A79-9A2D-02DD2F2E3DB6}
		{C7387C80-810B-4ED6-9588-7343F339FF81} = {13BDE80B-2017-419C-BCF0-1EDB924F05CE}
		{89C8B51A-441C-497C-874D-8D298066370D} = {13BDE80B-2017-419C-BCF0-1EDB924F05CE}
		{09BAB7C8-4DE1-4907-87C4-C91BAED261F4} = {13BDE80B-2017-419C-BCF0-1EDB924F05CE}
		{9F2B97A6-5FDB-4278-95BE-66081DA25C14} = {13BDE80B-2017-419C-BCF0-1EDB924F05CE}
		{1C111B63-C2A4-48F7-A945-F24C7FD78C77} = {13BDE80B-2017-419C-BCF0-1EDB924F05CE}
		{991C817D-C0D6-47B7-B920-87922311BED0} = {13BDE80B-2017-419C-BCF0-1EDB924F05CE}
		{CCF751C9-064B-4B49-BAE4-9F5539EFAA25} = {17977FC8-0F90-44BF-A0DD-63EA4DE6BDFD}
	EndGlobalSection
	GlobalSection(ExtensibilityGlobals) = postSolution
		SolutionGuid = {3D88CF0B-517A-4F8B-932E-3C55F9E0DC5E}
	EndGlobalSection
EndGlobal
